PODS:
  - Flutter (1.0.0)
  - integration_test (0.0.1):
    - Flutter
  - naver_maps_flutter (0.0.1):
    - Flutter

DEPENDENCIES:
  - Flutter (from `Flutter`)
  - integration_test (from `.symlinks/plugins/integration_test/ios`)
  - naver_maps_flutter (from `.symlinks/plugins/naver_maps_flutter/ios`)

EXTERNAL SOURCES:
  Flutter:
    :path: Flutter
  integration_test:
    :path: ".symlinks/plugins/integration_test/ios"
  naver_maps_flutter:
    :path: ".symlinks/plugins/naver_maps_flutter/ios"

SPEC CHECKSUMS:
  Flutter: 434fef37c0980e73bb6479ef766c45957d4b510c
  integration_test: 5ed24a436eb7ec17b6a13046e9bf7ca4a404e59e
  naver_maps_flutter: 29af3f63467638e5e870997aa093030f5d118892

PODFILE CHECKSUM: aafe91acc616949ddb318b77800a7f51bffa2a4c

COCOAPODS: 1.10.1
